# This file is automatically @generated by Cargo.
# It is not intended for manual editing.
[[package]]
name = "andrew"
version = "0.2.0"
source = "git+https://github.com/maps4print/azul-dependencies?rev=00e6e0ffacb008244d196df246db48f463a59992#00e6e0ffacb008244d196df246db48f463a59992"
dependencies = [
 "bitflags 1.0.4",
 "line_drawing",
 "rusttype",
 "walkdir",
 "xdg",
 "xml-rs 0.8.0 (git+https://github.com/maps4print/azul-dependencies?rev=00e6e0ffacb008244d196df246db48f463a59992)",
]

[[package]]
name = "android_glue"
version = "0.2.3"
source = "git+https://github.com/maps4print/azul-dependencies?rev=00e6e0ffacb008244d196df246db48f463a59992#00e6e0ffacb008244d196df246db48f463a59992"

[[package]]
name = "app_units"
version = "0.7.1"
source = "git+https://github.com/maps4print/azul-dependencies?rev=00e6e0ffacb008244d196df246db48f463a59992#00e6e0ffacb008244d196df246db48f463a59992"
dependencies = [
 "num-traits",
 "serde",
]

[[package]]
name = "approx"
version = "0.3.1"
source = "git+https://github.com/maps4print/azul-dependencies?rev=00e6e0ffacb008244d196df246db48f463a59992#00e6e0ffacb008244d196df246db48f463a59992"
dependencies = [
 "num-traits",
]

[[package]]
name = "arrayvec"
version = "0.4.8"
source = "git+https://github.com/maps4print/azul-dependencies?rev=00e6e0ffacb008244d196df246db48f463a59992#00e6e0ffacb008244d196df246db48f463a59992"
dependencies = [
 "nodrop",
]

[[package]]
name = "azul"
version = "0.1.0"
source = "git+https://github.com/maps4print/azul?rev=dad5345942b82ed0273c48140a931bbbf81deae7#dad5345942b82ed0273c48140a931bbbf81deae7"
dependencies = [
 "azul-core",
 "azul-css",
 "azul-css-parser",
 "azul-dependencies",
 "azul-layout",
 "azul-native-style",
 "azul-widgets",
 "gleam",
]

[[package]]
name = "azul-core"
version = "0.1.0"
source = "git+https://github.com/maps4print/azul?rev=dad5345942b82ed0273c48140a931bbbf81deae7#dad5345942b82ed0273c48140a931bbbf81deae7"
dependencies = [
 "azul-css",
 "azul-css-parser",
 "gleam",
]

[[package]]
name = "azul-css"
version = "0.1.0"
source = "git+https://github.com/maps4print/azul?rev=dad5345942b82ed0273c48140a931bbbf81deae7#dad5345942b82ed0273c48140a931bbbf81deae7"

[[package]]
name = "azul-css-parser"
version = "0.1.0"
source = "git+https://github.com/maps4print/azul?rev=dad5345942b82ed0273c48140a931bbbf81deae7#dad5345942b82ed0273c48140a931bbbf81deae7"
dependencies = [
 "azul-css",
 "azul-simplecss",
]

[[package]]
name = "azul-dependencies"
version = "0.1.0"
source = "git+https://github.com/maps4print/azul-dependencies?rev=00e6e0ffacb008244d196df246db48f463a59992#00e6e0ffacb008244d196df246db48f463a59992"
dependencies = [
 "app_units",
 "backtrace",
 "clipboard2",
 "euclid",
 "fern",
 "font-loader",
 "glium",
 "harfbuzz-sys",
 "lazy_static",
 "log 0.4.6",
 "rusttype",
 "tinyfiledialogs",
 "unicode-normalization",
 "webrender",
 "xmlparser",
]

[[package]]
name = "azul-layout"
version = "0.1.0"
source = "git+https://github.com/maps4print/azul?rev=dad5345942b82ed0273c48140a931bbbf81deae7#dad5345942b82ed0273c48140a931bbbf81deae7"
dependencies = [
 "azul-core",
 "azul-css",
]

[[package]]
name = "azul-native-style"
version = "0.1.0"
source = "git+https://github.com/maps4print/azul?rev=dad5345942b82ed0273c48140a931bbbf81deae7#dad5345942b82ed0273c48140a931bbbf81deae7"
dependencies = [
 "azul-css",
 "azul-css-parser",
]

[[package]]
name = "azul-simplecss"
version = "0.1.1"
source = "registry+https://github.com/rust-lang/crates.io-index"
checksum = "c303bfdf857413adbd19d9b15dddd9b4adb8e2be7e493c8a38d9fc6179a074ac"

[[package]]
name = "azul-widgets"
version = "0.1.0"
source = "git+https://github.com/maps4print/azul?rev=dad5345942b82ed0273c48140a931bbbf81deae7#dad5345942b82ed0273c48140a931bbbf81deae7"
dependencies = [
 "azul-core",
 "azul-css",
]

[[package]]
name = "azul_sandbox"
version = "0.1.0"
dependencies = [
 "azul",
]

[[package]]
name = "backtrace"
version = "0.3.12"
source = "git+https://github.com/maps4print/azul-dependencies?rev=00e6e0ffacb008244d196df246db48f463a59992#00e6e0ffacb008244d196df246db48f463a59992"
dependencies = [
 "backtrace-sys",
 "cfg-if 0.1.6",
 "libc 0.2.45",
 "rustc-demangle",
 "winapi 0.3.6",
]

[[package]]
name = "backtrace-sys"
version = "0.1.24"
source = "git+https://github.com/maps4print/azul-dependencies?rev=00e6e0ffacb008244d196df246db48f463a59992#00e6e0ffacb008244d196df246db48f463a59992"
dependencies = [
 "cc 1.0.26",
 "libc 0.2.45",
]

[[package]]
name = "binary-space-partition"
version = "0.1.2"
source = "git+https://github.com/maps4print/azul-dependencies?rev=00e6e0ffacb008244d196df246db48f463a59992#00e6e0ffacb008244d196df246db48f463a59992"

[[package]]
name = "bincode"
version = "1.0.1"
source = "git+https://github.com/maps4print/azul-dependencies?rev=00e6e0ffacb008244d196df246db48f463a59992#00e6e0ffacb008244d196df246db48f463a59992"
dependencies = [
 "byteorder",
 "serde",
]

[[package]]
name = "bitflags"
version = "1.0.4"
source = "git+https://github.com/maps4print/azul-dependencies?rev=00e6e0ffacb008244d196df246db48f463a59992#00e6e0ffacb008244d196df246db48f463a59992"

[[package]]
name = "bitflags"
version = "1.2.1"
source = "registry+https://github.com/rust-lang/crates.io-index"
checksum = "cf1de2fe8c75bc145a2f577add951f8134889b4795d47466a54a5c846d691693"

[[package]]
name = "block"
version = "0.1.6"
source = "registry+https://github.com/rust-lang/crates.io-index"
checksum = "0d8c1fef690941d3e7788d328517591fecc684c084084702d6ff1641e993699a"

[[package]]
name = "byteorder"
version = "1.2.7"
source = "git+https://github.com/maps4print/azul-dependencies?rev=00e6e0ffacb008244d196df246db48f463a59992#00e6e0ffacb008244d196df246db48f463a59992"

[[package]]
name = "cc"
version = "1.0.26"
source = "git+https://github.com/maps4print/azul-dependencies?rev=00e6e0ffacb008244d196df246db48f463a59992#00e6e0ffacb008244d196df246db48f463a59992"

[[package]]
name = "cc"
version = "1.0.50"
source = "registry+https://github.com/rust-lang/crates.io-index"
checksum = "95e28fa049fda1c330bcf9d723be7663a899c4679724b34c81e9f5a326aab8cd"

[[package]]
name = "cfg-if"
version = "0.1.6"
source = "git+https://github.com/maps4print/azul-dependencies?rev=00e6e0ffacb008244d196df246db48f463a59992#00e6e0ffacb008244d196df246db48f463a59992"

[[package]]
name = "cfg-if"
version = "0.1.10"
source = "registry+https://github.com/rust-lang/crates.io-index"
checksum = "4785bdd1c96b2a846b2bd7cc02e86b6b3dbf14e7e53446c4f54c92a361040822"

[[package]]
name = "cgl"
version = "0.2.3"
source = "git+https://github.com/maps4print/azul-dependencies?rev=00e6e0ffacb008244d196df246db48f463a59992#00e6e0ffacb008244d196df246db48f463a59992"
dependencies = [
 "gleam",
 "libc 0.2.66",
]

[[package]]
name = "clipboard-win"
version = "2.1.2"
source = "git+https://github.com/maps4print/azul-dependencies?rev=00e6e0ffacb008244d196df246db48f463a59992#00e6e0ffacb008244d196df246db48f463a59992"
dependencies = [
 "winapi 0.3.6",
]

[[package]]
name = "clipboard2"
version = "0.1.1"
source = "git+https://github.com/maps4print/azul-dependencies?rev=00e6e0ffacb008244d196df246db48f463a59992#00e6e0ffacb008244d196df246db48f463a59992"
dependencies = [
 "clipboard-win",
 "objc",
 "objc-foundation",
 "objc_id",
 "x11-clipboard",
]

[[package]]
name = "cmake"
version = "0.1.40"
source = "git+https://github.com/maps4print/azul-dependencies?rev=00e6e0ffacb008244d196df246db48f463a59992#00e6e0ffacb008244d196df246db48f463a59992"
dependencies = [
 "cc 1.0.50",
]

[[package]]
name = "cocoa"
version = "0.18.4"
source = "git+https://github.com/maps4print/azul-dependencies?rev=00e6e0ffacb008244d196df246db48f463a59992#00e6e0ffacb008244d196df246db48f463a59992"
dependencies = [
 "bitflags 1.2.1",
 "block",
 "core-foundation",
 "core-graphics",
 "foreign-types",
 "libc 0.2.66",
 "objc",
]

[[package]]
name = "core-foundation"
version = "0.6.3"
source = "git+https://github.com/maps4print/azul-dependencies?rev=00e6e0ffacb008244d196df246db48f463a59992#00e6e0ffacb008244d196df246db48f463a59992"
dependencies = [
 "core-foundation-sys",
 "libc 0.2.45",
]

[[package]]
name = "core-foundation-sys"
version = "0.6.2"
source = "registry+https://github.com/rust-lang/crates.io-index"
checksum = "e7ca8a5221364ef15ce201e8ed2f609fc312682a8f4e0e3d4aa5879764e0fa3b"

[[package]]
name = "core-graphics"
version = "0.17.3"
source = "git+https://github.com/maps4print/azul-dependencies?rev=00e6e0ffacb008244d196df246db48f463a59992#00e6e0ffacb008244d196df246db48f463a59992"
dependencies = [
 "bitflags 1.2.1",
 "core-foundation",
 "foreign-types",
 "libc 0.2.66",
]

[[package]]
name = "core-text"
version = "13.1.1"
source = "git+https://github.com/maps4print/azul-dependencies?rev=00e6e0ffacb008244d196df246db48f463a59992#00e6e0ffacb008244d196df246db48f463a59992"
dependencies = [
 "core-foundation",
 "core-graphics",
 "foreign-types",
 "libc 0.2.66",
]

[[package]]
name = "crossbeam-deque"
version = "0.2.0"
source = "git+https://github.com/maps4print/azul-dependencies?rev=00e6e0ffacb008244d196df246db48f463a59992#00e6e0ffacb008244d196df246db48f463a59992"
dependencies = [
 "crossbeam-epoch",
 "crossbeam-utils",
]

[[package]]
name = "crossbeam-epoch"
version = "0.3.1"
source = "git+https://github.com/maps4print/azul-dependencies?rev=00e6e0ffacb008244d196df246db48f463a59992#00e6e0ffacb008244d196df246db48f463a59992"
dependencies = [
 "arrayvec",
 "cfg-if 0.1.6",
 "crossbeam-utils",
 "lazy_static",
 "memoffset",
 "nodrop",
 "scopeguard",
]

[[package]]
name = "crossbeam-utils"
version = "0.2.2"
source = "git+https://github.com/maps4print/azul-dependencies?rev=00e6e0ffacb008244d196df246db48f463a59992#00e6e0ffacb008244d196df246db48f463a59992"
dependencies = [
 "cfg-if 0.1.6",
]

[[package]]
name = "dlib"
version = "0.4.1"
source = "git+https://github.com/maps4print/azul-dependencies?rev=00e6e0ffacb008244d196df246db48f463a59992#00e6e0ffacb008244d196df246db48f463a59992"
dependencies = [
 "libloading",
]

[[package]]
name = "downcast-rs"
version = "1.0.3"
source = "git+https://github.com/maps4print/azul-dependencies?rev=00e6e0ffacb008244d196df246db48f463a59992#00e6e0ffacb008244d196df246db48f463a59992"

[[package]]
name = "dwrote"
version = "0.6.3"
source = "git+https://github.com/maps4print/azul-dependencies?rev=00e6e0ffacb008244d196df246db48f463a59992#00e6e0ffacb008244d196df246db48f463a59992"
dependencies = [
 "lazy_static",
 "libc 0.2.45",
 "serde",
 "serde_derive",
 "winapi 0.3.6",
]

[[package]]
name = "either"
version = "1.5.0"
source = "git+https://github.com/maps4print/azul-dependencies?rev=00e6e0ffacb008244d196df246db48f463a59992#00e6e0ffacb008244d196df246db48f463a59992"

[[package]]
name = "euclid"
version = "0.19.4"
source = "git+https://github.com/maps4print/azul-dependencies?rev=00e6e0ffacb008244d196df246db48f463a59992#00e6e0ffacb008244d196df246db48f463a59992"
dependencies = [
 "num-traits",
 "serde",
]

[[package]]
name = "expat-sys"
version = "2.1.6"
source = "git+https://github.com/maps4print/azul-dependencies?rev=00e6e0ffacb008244d196df246db48f463a59992#00e6e0ffacb008244d196df246db48f463a59992"
dependencies = [
 "cmake",
 "pkg-config",
]

[[package]]
name = "fern"
version = "0.5.7"
source = "git+https://github.com/maps4print/azul-dependencies?rev=00e6e0ffacb008244d196df246db48f463a59992#00e6e0ffacb008244d196df246db48f463a59992"
dependencies = [
 "log 0.4.6",
]

[[package]]
name = "fnv"
version = "1.0.6"
source = "git+https://github.com/maps4print/azul-dependencies?rev=00e6e0ffacb008244d196df246db48f463a59992#00e6e0ffacb008244d196df246db48f463a59992"

[[package]]
name = "font-loader"
version = "0.8.0"
source = "git+https://github.com/maps4print/azul-dependencies?rev=00e6e0ffacb008244d196df246db48f463a59992#00e6e0ffacb008244d196df246db48f463a59992"
dependencies = [
 "core-foundation",
 "core-text",
 "libc 0.2.45",
 "servo-fontconfig",
 "winapi 0.3.6",
]

[[package]]
name = "foreign-types"
version = "0.3.2"
source = "registry+https://github.com/rust-lang/crates.io-index"
checksum = "f6f339eb8adc052cd2ca78910fda869aefa38d22d5cb648e6485e4d3fc06f3b1"
dependencies = [
 "foreign-types-shared",
]

[[package]]
name = "foreign-types-shared"
version = "0.1.1"
source = "registry+https://github.com/rust-lang/crates.io-index"
checksum = "00b0228411908ca8685dba7fc2cdd70ec9990a6e753e89b6ac91a84c40fbaf4b"

[[package]]
name = "freetype"
version = "0.4.1"
source = "git+https://github.com/maps4print/azul-dependencies?rev=00e6e0ffacb008244d196df246db48f463a59992#00e6e0ffacb008244d196df246db48f463a59992"
dependencies = [
 "libc 0.2.45",
 "servo-freetype-sys",
]

[[package]]
name = "fxhash"
version = "0.2.1"
source = "git+https://github.com/maps4print/azul-dependencies?rev=00e6e0ffacb008244d196df246db48f463a59992#00e6e0ffacb008244d196df246db48f463a59992"
dependencies = [
 "byteorder",
]

[[package]]
name = "gl_generator"
version = "0.10.0"
source = "git+https://github.com/maps4print/azul-dependencies?rev=00e6e0ffacb008244d196df246db48f463a59992#00e6e0ffacb008244d196df246db48f463a59992"
dependencies = [
 "khronos_api 3.0.0",
 "log 0.4.6",
 "xml-rs 0.8.0 (git+https://github.com/maps4print/azul-dependencies?rev=00e6e0ffacb008244d196df246db48f463a59992)",
]

[[package]]
name = "gl_generator"
version = "0.13.1"
source = "registry+https://github.com/rust-lang/crates.io-index"
checksum = "ca98bbde17256e02d17336a6bdb5a50f7d0ccacee502e191d3e3d0ec2f96f84a"
dependencies = [
 "khronos_api 3.1.0",
 "log 0.4.8",
 "xml-rs 0.8.0 (registry+https://github.com/rust-lang/crates.io-index)",
]

[[package]]
name = "gleam"
version = "0.6.19"
source = "registry+https://github.com/rust-lang/crates.io-index"
checksum = "cae10d7c99d0e77b4766e850a60898a17c1abaf01075531f1066f03dc7dc5fc5"
dependencies = [
 "gl_generator 0.13.1",
]

[[package]]
name = "glium"
version = "0.22.0"
source = "git+https://github.com/maps4print/azul-dependencies?rev=00e6e0ffacb008244d196df246db48f463a59992#00e6e0ffacb008244d196df246db48f463a59992"
dependencies = [
 "fnv",
 "gl_generator 0.10.0",
 "glutin",
 "lazy_static",
 "smallvec",
]

[[package]]
name = "glutin"
version = "0.19.0"
source = "git+https://github.com/maps4print/azul-dependencies?rev=00e6e0ffacb008244d196df246db48f463a59992#00e6e0ffacb008244d196df246db48f463a59992"
dependencies = [
 "android_glue",
 "cgl",
 "cocoa",
 "core-foundation",
 "core-graphics",
 "gl_generator 0.10.0",
 "lazy_static",
 "libc 0.2.45",
 "libloading",
 "objc",
 "osmesa-sys",
 "shared_library",
 "wayland-client",
 "winapi 0.3.6",
 "winit",
 "x11-dl",
]

[[package]]
name = "harfbuzz-sys"
version = "0.3.0"
source = "git+https://github.com/maps4print/azul-dependencies?rev=00e6e0ffacb008244d196df246db48f463a59992#00e6e0ffacb008244d196df246db48f463a59992"
dependencies = [
 "cmake",
 "freetype",
 "pkg-config",
]

[[package]]
name = "khronos_api"
version = "3.0.0"
source = "git+https://github.com/maps4print/azul-dependencies?rev=00e6e0ffacb008244d196df246db48f463a59992#00e6e0ffacb008244d196df246db48f463a59992"

[[package]]
name = "khronos_api"
version = "3.1.0"
source = "registry+https://github.com/rust-lang/crates.io-index"
checksum = "e2db585e1d738fc771bf08a151420d3ed193d9d895a36df7f6f8a9456b911ddc"

[[package]]
name = "lazy_static"
version = "1.2.0"
source = "git+https://github.com/maps4print/azul-dependencies?rev=00e6e0ffacb008244d196df246db48f463a59992#00e6e0ffacb008244d196df246db48f463a59992"

[[package]]
name = "libc"
version = "0.2.45"
source = "git+https://github.com/maps4print/azul-dependencies?rev=00e6e0ffacb008244d196df246db48f463a59992#00e6e0ffacb008244d196df246db48f463a59992"

[[package]]
name = "libc"
version = "0.2.66"
source = "registry+https://github.com/rust-lang/crates.io-index"
checksum = "d515b1f41455adea1313a4a2ac8a8a477634fbae63cc6100e3aebb207ce61558"

[[package]]
name = "libloading"
version = "0.5.0"
source = "git+https://github.com/maps4print/azul-dependencies?rev=00e6e0ffacb008244d196df246db48f463a59992#00e6e0ffacb008244d196df246db48f463a59992"
dependencies = [
 "cc 1.0.26",
 "winapi 0.3.6",
]

[[package]]
name = "line_drawing"
version = "0.7.0"
source = "git+https://github.com/maps4print/azul-dependencies?rev=00e6e0ffacb008244d196df246db48f463a59992#00e6e0ffacb008244d196df246db48f463a59992"
dependencies = [
 "num-traits",
]

[[package]]
name = "log"
version = "0.4.6"
source = "git+https://github.com/maps4print/azul-dependencies?rev=00e6e0ffacb008244d196df246db48f463a59992#00e6e0ffacb008244d196df246db48f463a59992"
dependencies = [
 "cfg-if 0.1.6",
]

[[package]]
name = "log"
version = "0.4.8"
source = "registry+https://github.com/rust-lang/crates.io-index"
checksum = "14b6052be84e6b71ab17edffc2eeabf5c2c3ae1fdb464aae35ac50c67a44e1f7"
dependencies = [
 "cfg-if 0.1.10",
]

[[package]]
name = "malloc_buf"
version = "0.0.6"
source = "registry+https://github.com/rust-lang/crates.io-index"
checksum = "62bb907fe88d54d8d9ce32a3cceab4218ed2f6b7d35617cafe9adf84e43919cb"
dependencies = [
 "libc 0.2.66",
]

[[package]]
name = "memmap"
version = "0.7.0"
source = "git+https://github.com/maps4print/azul-dependencies?rev=00e6e0ffacb008244d196df246db48f463a59992#00e6e0ffacb008244d196df246db48f463a59992"
dependencies = [
 "libc 0.2.45",
 "winapi 0.3.6",
]

[[package]]
name = "memoffset"
version = "0.2.1"
source = "git+https://github.com/maps4print/azul-dependencies?rev=00e6e0ffacb008244d196df246db48f463a59992#00e6e0ffacb008244d196df246db48f463a59992"

[[package]]
name = "nix"
version = "0.12.0"
source = "git+https://github.com/maps4print/azul-dependencies?rev=00e6e0ffacb008244d196df246db48f463a59992#00e6e0ffacb008244d196df246db48f463a59992"
dependencies = [
 "bitflags 1.0.4",
 "cc 1.0.26",
 "cfg-if 0.1.6",
 "libc 0.2.45",
 "void",
]

[[package]]
name = "nodrop"
version = "0.1.13"
source = "git+https://github.com/maps4print/azul-dependencies?rev=00e6e0ffacb008244d196df246db48f463a59992#00e6e0ffacb008244d196df246db48f463a59992"

[[package]]
name = "num-traits"
version = "0.2.6"
source = "git+https://github.com/maps4print/azul-dependencies?rev=00e6e0ffacb008244d196df246db48f463a59992#00e6e0ffacb008244d196df246db48f463a59992"

[[package]]
name = "num_cpus"
version = "1.9.0"
source = "git+https://github.com/maps4print/azul-dependencies?rev=00e6e0ffacb008244d196df246db48f463a59992#00e6e0ffacb008244d196df246db48f463a59992"
dependencies = [
 "libc 0.2.45",
]

[[package]]
name = "objc"
version = "0.2.5"
source = "git+https://github.com/maps4print/azul-dependencies?rev=00e6e0ffacb008244d196df246db48f463a59992#00e6e0ffacb008244d196df246db48f463a59992"
dependencies = [
 "malloc_buf",
]

[[package]]
name = "objc-foundation"
version = "0.1.1"
source = "git+https://github.com/maps4print/azul-dependencies?rev=00e6e0ffacb008244d196df246db48f463a59992#00e6e0ffacb008244d196df246db48f463a59992"
dependencies = [
 "block",
 "objc",
 "objc_id",
]

[[package]]
name = "objc_id"
version = "0.1.1"
source = "git+https://github.com/maps4print/azul-dependencies?rev=00e6e0ffacb008244d196df246db48f463a59992#00e6e0ffacb008244d196df246db48f463a59992"
dependencies = [
 "objc",
]

[[package]]
name = "ordered-float"
version = "1.0.1"
source = "git+https://github.com/maps4print/azul-dependencies?rev=00e6e0ffacb008244d196df246db48f463a59992#00e6e0ffacb008244d196df246db48f463a59992"
dependencies = [
 "num-traits",
]

[[package]]
name = "osmesa-sys"
version = "0.1.2"
source = "git+https://github.com/maps4print/azul-dependencies?rev=00e6e0ffacb008244d196df246db48f463a59992#00e6e0ffacb008244d196df246db48f463a59992"
dependencies = [
 "shared_library",
]

[[package]]
name = "percent-encoding"
version = "1.0.1"
source = "git+https://github.com/maps4print/azul-dependencies?rev=00e6e0ffacb008244d196df246db48f463a59992#00e6e0ffacb008244d196df246db48f463a59992"

[[package]]
name = "pkg-config"
version = "0.3.14"
source = "git+https://github.com/maps4print/azul-dependencies?rev=00e6e0ffacb008244d196df246db48f463a59992#00e6e0ffacb008244d196df246db48f463a59992"

[[package]]
name = "plane-split"
version = "0.13.3"
source = "git+https://github.com/maps4print/azul-dependencies?rev=00e6e0ffacb008244d196df246db48f463a59992#00e6e0ffacb008244d196df246db48f463a59992"
dependencies = [
 "binary-space-partition",
 "euclid",
 "log 0.4.6",
 "num-traits",
]

[[package]]
name = "proc-macro2"
version = "0.4.24"
source = "git+https://github.com/maps4print/azul-dependencies?rev=00e6e0ffacb008244d196df246db48f463a59992#00e6e0ffacb008244d196df246db48f463a59992"
dependencies = [
 "unicode-xid",
]

[[package]]
name = "quote"
version = "0.6.10"
source = "git+https://github.com/maps4print/azul-dependencies?rev=00e6e0ffacb008244d196df246db48f463a59992#00e6e0ffacb008244d196df246db48f463a59992"
dependencies = [
 "proc-macro2",
]

[[package]]
name = "rayon"
version = "1.0.3"
source = "git+https://github.com/maps4print/azul-dependencies?rev=00e6e0ffacb008244d196df246db48f463a59992#00e6e0ffacb008244d196df246db48f463a59992"
dependencies = [
 "crossbeam-deque",
 "either",
 "rayon-core",
]

[[package]]
name = "rayon-core"
version = "1.4.1"
source = "git+https://github.com/maps4print/azul-dependencies?rev=00e6e0ffacb008244d196df246db48f463a59992#00e6e0ffacb008244d196df246db48f463a59992"
dependencies = [
 "crossbeam-deque",
 "lazy_static",
 "libc 0.2.45",
 "num_cpus",
]

[[package]]
name = "rustc-demangle"
version = "0.1.9"
source = "git+https://github.com/maps4print/azul-dependencies?rev=00e6e0ffacb008244d196df246db48f463a59992#00e6e0ffacb008244d196df246db48f463a59992"

[[package]]
name = "rusttype"
version = "0.7.3"
source = "git+https://github.com/maps4print/azul-dependencies?rev=00e6e0ffacb008244d196df246db48f463a59992#00e6e0ffacb008244d196df246db48f463a59992"
dependencies = [
 "approx",
 "arrayvec",
 "ordered-float",
 "stb_truetype",
]

[[package]]
name = "same-file"
version = "1.0.4"
source = "git+https://github.com/maps4print/azul-dependencies?rev=00e6e0ffacb008244d196df246db48f463a59992#00e6e0ffacb008244d196df246db48f463a59992"
dependencies = [
 "winapi-util",
]

[[package]]
name = "scopeguard"
version = "0.3.3"
source = "git+https://github.com/maps4print/azul-dependencies?rev=00e6e0ffacb008244d196df246db48f463a59992#00e6e0ffacb008244d196df246db48f463a59992"

[[package]]
name = "serde"
version = "1.0.80"
source = "git+https://github.com/maps4print/azul-dependencies?rev=00e6e0ffacb008244d196df246db48f463a59992#00e6e0ffacb008244d196df246db48f463a59992"
dependencies = [
 "serde_derive",
]

[[package]]
name = "serde_bytes"
version = "0.10.4"
source = "git+https://github.com/maps4print/azul-dependencies?rev=00e6e0ffacb008244d196df246db48f463a59992#00e6e0ffacb008244d196df246db48f463a59992"
dependencies = [
 "serde",
]

[[package]]
name = "serde_derive"
version = "1.0.80"
source = "git+https://github.com/maps4print/azul-dependencies?rev=00e6e0ffacb008244d196df246db48f463a59992#00e6e0ffacb008244d196df246db48f463a59992"
dependencies = [
 "proc-macro2",
 "quote",
 "syn",
]

[[package]]
name = "servo-fontconfig"
version = "0.4.0"
source = "git+https://github.com/maps4print/azul-dependencies?rev=00e6e0ffacb008244d196df246db48f463a59992#00e6e0ffacb008244d196df246db48f463a59992"
dependencies = [
 "libc 0.2.45",
 "servo-fontconfig-sys",
]

[[package]]
name = "servo-fontconfig-sys"
version = "4.0.7"
source = "git+https://github.com/maps4print/azul-dependencies?rev=00e6e0ffacb008244d196df246db48f463a59992#00e6e0ffacb008244d196df246db48f463a59992"
dependencies = [
 "expat-sys",
 "pkg-config",
 "servo-freetype-sys",
]

[[package]]
name = "servo-freetype-sys"
version = "4.0.5"
source = "git+https://github.com/maps4print/azul-dependencies?rev=00e6e0ffacb008244d196df246db48f463a59992#00e6e0ffacb008244d196df246db48f463a59992"
dependencies = [
 "cmake",
 "pkg-config",
]

[[package]]
name = "shared_library"
version = "0.1.9"
source = "git+https://github.com/maps4print/azul-dependencies?rev=00e6e0ffacb008244d196df246db48f463a59992#00e6e0ffacb008244d196df246db48f463a59992"
dependencies = [
 "lazy_static",
 "libc 0.2.45",
]

[[package]]
name = "smallvec"
version = "0.6.7"
source = "git+https://github.com/maps4print/azul-dependencies?rev=00e6e0ffacb008244d196df246db48f463a59992#00e6e0ffacb008244d196df246db48f463a59992"
dependencies = [
 "unreachable",
]

[[package]]
name = "smithay-client-toolkit"
version = "0.6.0"
source = "git+https://github.com/maps4print/azul-dependencies?rev=00e6e0ffacb008244d196df246db48f463a59992#00e6e0ffacb008244d196df246db48f463a59992"
dependencies = [
 "andrew",
 "bitflags 1.0.4",
 "dlib",
 "lazy_static",
 "memmap",
 "nix",
 "wayland-client",
 "wayland-protocols",
]

[[package]]
name = "stb_truetype"
version = "0.2.2"
source = "git+https://github.com/maps4print/azul-dependencies?rev=00e6e0ffacb008244d196df246db48f463a59992#00e6e0ffacb008244d196df246db48f463a59992"
dependencies = [
 "byteorder",
]

[[package]]
name = "syn"
version = "0.15.22"
source = "git+https://github.com/maps4print/azul-dependencies?rev=00e6e0ffacb008244d196df246db48f463a59992#00e6e0ffacb008244d196df246db48f463a59992"
dependencies = [
 "proc-macro2",
 "quote",
 "unicode-xid",
]

[[package]]
name = "thread_profiler"
version = "0.1.3"
source = "git+https://github.com/maps4print/azul-dependencies?rev=00e6e0ffacb008244d196df246db48f463a59992#00e6e0ffacb008244d196df246db48f463a59992"

[[package]]
name = "time"
version = "0.1.40"
source = "git+https://github.com/maps4print/azul-dependencies?rev=00e6e0ffacb008244d196df246db48f463a59992#00e6e0ffacb008244d196df246db48f463a59992"
dependencies = [
 "libc 0.2.45",
 "winapi 0.3.6",
]

[[package]]
name = "tinyfiledialogs"
version = "3.3.5"
source = "git+https://github.com/maps4print/azul-dependencies?rev=00e6e0ffacb008244d196df246db48f463a59992#00e6e0ffacb008244d196df246db48f463a59992"
dependencies = [
 "cc 1.0.26",
 "libc 0.2.45",
]

[[package]]
name = "unicode-normalization"
version = "0.1.7"
source = "git+https://github.com/maps4print/azul-dependencies?rev=00e6e0ffacb008244d196df246db48f463a59992#00e6e0ffacb008244d196df246db48f463a59992"

[[package]]
name = "unicode-xid"
version = "0.1.0"
source = "git+https://github.com/maps4print/azul-dependencies?rev=00e6e0ffacb008244d196df246db48f463a59992#00e6e0ffacb008244d196df246db48f463a59992"

[[package]]
name = "unreachable"
version = "1.0.0"
source = "git+https://github.com/maps4print/azul-dependencies?rev=00e6e0ffacb008244d196df246db48f463a59992#00e6e0ffacb008244d196df246db48f463a59992"
dependencies = [
 "void",
]

[[package]]
name = "void"
version = "1.0.2"
source = "git+https://github.com/maps4print/azul-dependencies?rev=00e6e0ffacb008244d196df246db48f463a59992#00e6e0ffacb008244d196df246db48f463a59992"

[[package]]
name = "walkdir"
version = "2.2.7"
source = "git+https://github.com/maps4print/azul-dependencies?rev=00e6e0ffacb008244d196df246db48f463a59992#00e6e0ffacb008244d196df246db48f463a59992"
dependencies = [
 "same-file",
 "winapi 0.3.6",
 "winapi-util",
]

[[package]]
name = "wayland-client"
version = "0.23.0"
source = "git+https://github.com/maps4print/azul-dependencies?rev=00e6e0ffacb008244d196df246db48f463a59992#00e6e0ffacb008244d196df246db48f463a59992"
dependencies = [
 "bitflags 1.0.4",
 "downcast-rs",
 "libc 0.2.45",
 "nix",
 "wayland-commons",
 "wayland-scanner",
 "wayland-sys",
]

[[package]]
name = "wayland-commons"
version = "0.23.0"
source = "git+https://github.com/maps4print/azul-dependencies?rev=00e6e0ffacb008244d196df246db48f463a59992#00e6e0ffacb008244d196df246db48f463a59992"
dependencies = [
 "nix",
 "wayland-sys",
]

[[package]]
name = "wayland-protocols"
version = "0.23.0"
source = "git+https://github.com/maps4print/azul-dependencies?rev=00e6e0ffacb008244d196df246db48f463a59992#00e6e0ffacb008244d196df246db48f463a59992"
dependencies = [
 "bitflags 1.0.4",
 "wayland-client",
 "wayland-commons",
 "wayland-scanner",
]

[[package]]
name = "wayland-scanner"
version = "0.23.0"
source = "git+https://github.com/maps4print/azul-dependencies?rev=00e6e0ffacb008244d196df246db48f463a59992#00e6e0ffacb008244d196df246db48f463a59992"
dependencies = [
 "proc-macro2",
 "quote",
 "xml-rs 0.8.0 (git+https://github.com/maps4print/azul-dependencies?rev=00e6e0ffacb008244d196df246db48f463a59992)",
]

[[package]]
name = "wayland-sys"
version = "0.23.0"
source = "git+https://github.com/maps4print/azul-dependencies?rev=00e6e0ffacb008244d196df246db48f463a59992#00e6e0ffacb008244d196df246db48f463a59992"
dependencies = [
 "dlib",
 "lazy_static",
]

[[package]]
name = "webrender"
version = "0.57.2"
source = "git+https://github.com/maps4print/azul-dependencies?rev=00e6e0ffacb008244d196df246db48f463a59992#00e6e0ffacb008244d196df246db48f463a59992"
dependencies = [
 "app_units",
 "bincode",
 "bitflags 1.0.4",
 "byteorder",
 "cfg-if 0.1.6",
 "core-foundation",
 "core-graphics",
 "core-text",
 "dwrote",
 "freetype",
 "fxhash",
 "gleam",
 "lazy_static",
 "log 0.4.6",
 "num-traits",
 "plane-split",
 "rayon",
 "smallvec",
 "thread_profiler",
 "time",
 "webrender_api",
]

[[package]]
name = "webrender_api"
version = "0.57.2"
source = "git+https://github.com/maps4print/azul-dependencies?rev=00e6e0ffacb008244d196df246db48f463a59992#00e6e0ffacb008244d196df246db48f463a59992"
dependencies = [
 "app_units",
 "bincode",
 "bitflags 1.0.4",
 "byteorder",
 "core-foundation",
 "core-graphics",
 "dwrote",
 "euclid",
 "serde",
 "serde_bytes",
 "serde_derive",
 "time",
]

[[package]]
name = "winapi"
version = "0.3.6"
source = "git+https://github.com/maps4print/azul-dependencies?rev=00e6e0ffacb008244d196df246db48f463a59992#00e6e0ffacb008244d196df246db48f463a59992"
dependencies = [
 "winapi-i686-pc-windows-gnu 0.4.0 (git+https://github.com/maps4print/azul-dependencies?rev=00e6e0ffacb008244d196df246db48f463a59992)",
 "winapi-x86_64-pc-windows-gnu 0.4.0 (git+https://github.com/maps4print/azul-dependencies?rev=00e6e0ffacb008244d196df246db48f463a59992)",
]

[[package]]
name = "winapi"
version = "0.3.8"
source = "registry+https://github.com/rust-lang/crates.io-index"
checksum = "8093091eeb260906a183e6ae1abdba2ef5ef2257a21801128899c3fc699229c6"
dependencies = [
 "winapi-i686-pc-windows-gnu 0.4.0 (registry+https://github.com/rust-lang/crates.io-index)",
 "winapi-x86_64-pc-windows-gnu 0.4.0 (registry+https://github.com/rust-lang/crates.io-index)",
]

[[package]]
name = "winapi-i686-pc-windows-gnu"
version = "0.4.0"
source = "git+https://github.com/maps4print/azul-dependencies?rev=00e6e0ffacb008244d196df246db48f463a59992#00e6e0ffacb008244d196df246db48f463a59992"

[[package]]
name = "winapi-i686-pc-windows-gnu"
version = "0.4.0"
source = "registry+https://github.com/rust-lang/crates.io-index"
checksum = "ac3b87c63620426dd9b991e5ce0329eff545bccbbb34f3be09ff6fb6ab51b7b6"

[[package]]
name = "winapi-util"
version = "0.1.3"
source = "registry+https://github.com/rust-lang/crates.io-index"
checksum = "4ccfbf554c6ad11084fb7517daca16cfdcaccbdadba4fc336f032a8b12c2ad80"
dependencies = [
 "winapi 0.3.8",
]

[[package]]
name = "winapi-x86_64-pc-windows-gnu"
version = "0.4.0"
source = "git+https://github.com/maps4print/azul-dependencies?rev=00e6e0ffacb008244d196df246db48f463a59992#00e6e0ffacb008244d196df246db48f463a59992"

[[package]]
name = "winapi-x86_64-pc-windows-gnu"
version = "0.4.0"
source = "registry+https://github.com/rust-lang/crates.io-index"
checksum = "712e227841d057c1ee1cd2fb22fa7e5a5461ae8e48fa2ca79ec42cfc1931183f"

[[package]]
name = "winit"
version = "0.18.0"
source = "git+https://github.com/maps4print/azul-dependencies?rev=00e6e0ffacb008244d196df246db48f463a59992#00e6e0ffacb008244d196df246db48f463a59992"
dependencies = [
 "android_glue",
 "cocoa",
 "core-foundation",
 "core-graphics",
 "lazy_static",
 "libc 0.2.45",
 "log 0.4.6",
 "objc",
 "percent-encoding",
 "smithay-client-toolkit",
 "wayland-client",
 "winapi 0.3.6",
 "x11-dl",
]

[[package]]
name = "x11-clipboard"
version = "0.3.0"
source = "git+https://github.com/maps4print/azul-dependencies?rev=00e6e0ffacb008244d196df246db48f463a59992#00e6e0ffacb008244d196df246db48f463a59992"
dependencies = [
 "xcb",
]

[[package]]
name = "x11-dl"
version = "2.18.3"
source = "git+https://github.com/maps4print/azul-dependencies?rev=00e6e0ffacb008244d196df246db48f463a59992#00e6e0ffacb008244d196df246db48f463a59992"
dependencies = [
 "lazy_static",
 "libc 0.2.45",
 "pkg-config",
]

[[package]]
name = "xcb"
version = "0.8.2"
source = "git+https://github.com/maps4print/azul-dependencies?rev=00e6e0ffacb008244d196df246db48f463a59992#00e6e0ffacb008244d196df246db48f463a59992"
dependencies = [
 "libc 0.2.45",
 "log 0.4.6",
]

[[package]]
name = "xdg"
version = "2.2.0"
source = "git+https://github.com/maps4print/azul-dependencies?rev=00e6e0ffacb008244d196df246db48f463a59992#00e6e0ffacb008244d196df246db48f463a59992"

[[package]]
name = "xml-rs"
version = "0.8.0"
source = "git+https://github.com/maps4print/azul-dependencies?rev=00e6e0ffacb008244d196df246db48f463a59992#00e6e0ffacb008244d196df246db48f463a59992"

[[package]]
name = "xml-rs"
version = "0.8.0"
source = "registry+https://github.com/rust-lang/crates.io-index"
checksum = "541b12c998c5b56aa2b4e6f18f03664eef9a4fd0a246a55594efae6cc2d964b5"

[[package]]
name = "xmlparser"
version = "0.6.1"
source = "git+https://github.com/maps4print/azul-dependencies?rev=00e6e0ffacb008244d196df246db48f463a59992#00e6e0ffacb008244d196df246db48f463a59992"
